
Microsoft Visual Studio Solution File, Format Version 12.00
# Visual Studio Version 17
VisualStudioVersion = 17.2.32616.157
MinimumVisualStudioVersion = 10.0.40219.1
Project("{FAE04EC0-301F-11D3-BF4B-00C04F79EFBC}") = "Conditionals", "Conditionals\Conditionals.csproj", "{299A507E-3F1B-4EF4-9153-9235F5C9237D}"
EndProject
Global
	GlobalSection(SolutionConfigurationPlatforms) = preSolution
		Debug|Any CPU = Debug|Any CPU
		Release|Any CPU = Release|Any CPU
	EndGlobalSection
	GlobalSection(ProjectConfigurationPlatforms) = postSolution
		{299A507E-3F1B-4EF4-9153-9235F5C9237D}.Debug|Any CPU.ActiveCfg = Debug|Any CPU
		{299A507E-3F1B-4EF4-9153-9235F5C9237D}.Debug|Any CPU.Build.0 = Debug|Any CPU
		{299A507E-3F1B-4EF4-9153-9235F5C9237D}.Release|Any CPU.ActiveCfg = Release|Any CPU
		{299A507E-3F1B-4EF4-9153-9235F5C9237D}.Release|Any CPU.Build.0 = Release|Any CPU
	EndGlobalSection
	GlobalSection(SolutionProperties) = preSolution
		HideSolutionNode = FALSE
	EndGlobalSection
	GlobalSection(ExtensibilityGlobals) = postSolution
		SolutionGuid = {28F2CF0F-6DEE-4A79-9141-B482187C1019}
	EndGlobalSection
EndGlobal
